
Microsoft Visual Studio Solution File, Format Version 12.00
# Visual Studio 15
VisualStudioVersion = 15.0.27428.2037
MinimumVisualStudioVersion = 10.0.40219.1
Project("{F184B08F-C81C-45F6-A57F-5ABD9991F28F}") = "VBlab9", "VBlab9\VBlab9.vbproj", "{BB084556-C913-4DEB-834D-DF35394EC487}"
EndProject
Global
	GlobalSection(SolutionConfigurationPlatforms) = preSolution
		Debug|Any CPU = Debug|Any CPU
		Release|Any CPU = Release|Any CPU
	EndGlobalSection
	GlobalSection(ProjectConfigurationPlatforms) = postSolution
		{BB084556-C913-4DEB-834D-DF35394EC487}.Debug|Any CPU.ActiveCfg = Debug|Any CPU
		{BB084556-C913-4DEB-834D-DF35394EC487}.Debug|Any CPU.Build.0 = Debug|Any CPU
		{BB084556-C913-4DEB-834D-DF35394EC487}.Release|Any CPU.ActiveCfg = Release|Any CPU
		{BB084556-C913-4DEB-834D-DF35394EC487}.Release|Any CPU.Build.0 = Release|Any CPU
	EndGlobalSection
	GlobalSection(SolutionProperties) = preSolution
		HideSolutionNode = FALSE
	EndGlobalSection
	GlobalSection(ExtensibilityGlobals) = postSolution
		SolutionGuid = {DE20F013-CC86-4548-85BF-66EAF9888922}
	EndGlobalSection
EndGlobal
